// !$*UTF8*$!
{
	archiveVersion = 1;
	classes = {
	};
	objectVersion = 50;
	objects = {

/* Begin PBXBuildFile section */
		9157CC9A2103E6DB0001FC61 /* AppDelegate.swift in Sources */ = {isa = PBXBuildFile; fileRef = 9157CC992103E6DB0001FC61 /* AppDelegate.swift */; };
		9157CC9C2103E6DB0001FC61 /* ViewController.swift in Sources */ = {isa = PBXBuildFile; fileRef = 9157CC9B2103E6DB0001FC61 /* ViewController.swift */; };
		9157CC9E2103E6DC0001FC61 /* Assets.xcassets in Resources */ = {isa = PBXBuildFile; fileRef = 9157CC9D2103E6DC0001FC61 /* Assets.xcassets */; };
		9157CCA12103E6DC0001FC61 /* Main.storyboard in Resources */ = {isa = PBXBuildFile; fileRef = 9157CC9F2103E6DC0001FC61 /* Main.storyboard */; };
		ED25E4B00A5AF8F0568AFD2B /* Pods_LispOSX.framework in Frameworks */ = {isa = PBXBuildFile; fileRef = 69DA4F13D53D8CC5F19F9D92 /* Pods_LispOSX.framework */; };
/* End PBXBuildFile section */

/* Begin PBXFileReference section */
		1967D1347B21B776DE749684 /* Pods-LispOSX.release.xcconfig */ = {isa = PBXFileReference; includeInIndex = 1; lastKnownFileType = text.xcconfig; name = "Pods-LispOSX.release.xcconfig"; path = "Pods/Target Support Files/Pods-LispOSX/Pods-LispOSX.release.xcconfig"; sourceTree = "<group>"; };
		69DA4F13D53D8CC5F19F9D92 /* Pods_LispOSX.framework */ = {isa = PBXFileReference; explicitFileType = wrapper.framework; includeInIndex = 0; path = Pods_LispOSX.framework; sourceTree = BUILT_PRODUCTS_DIR; };
		9157CC962103E6DB0001FC61 /* LispOSX.app */ = {isa = PBXFileReference; explicitFileType = wrapper.application; includeInIndex = 0; path = LispOSX.app; sourceTree = BUILT_PRODUCTS_DIR; };
		9157CC992103E6DB0001FC61 /* AppDelegate.swift */ = {isa = PBXFileReference; lastKnownFileType = sourcecode.swift; path = AppDelegate.swift; sourceTree = "<group>"; };
		9157CC9B2103E6DB0001FC61 /* ViewController.swift */ = {isa = PBXFileReference; lastKnownFileType = sourcecode.swift; path = ViewController.swift; sourceTree = "<group>"; };
		9157CC9D2103E6DC0001FC61 /* Assets.xcassets */ = {isa = PBXFileReference; lastKnownFileType = folder.assetcatalog; path = Assets.xcassets; sourceTree = "<group>"; };
		9157CCA02103E6DC0001FC61 /* Base */ = {isa = PBXFileReference; lastKnownFileType = file.storyboard; name = Base; path = Base.lproj/Main.storyboard; sourceTree = "<group>"; };
		9157CCA22103E6DC0001FC61 /* Info.plist */ = {isa = PBXFileReference; lastKnownFileType = text.plist.xml; path = Info.plist; sourceTree = "<group>"; };
		9157CCA32103E6DC0001FC61 /* LispOSX.entitlements */ = {isa = PBXFileReference; lastKnownFileType = text.plist.entitlements; path = LispOSX.entitlements; sourceTree = "<group>"; };
		E3F5F810DF19D1321DF4D90A /* Pods-LispOSX.debug.xcconfig */ = {isa = PBXFileReference; includeInIndex = 1; lastKnownFileType = text.xcconfig; name = "Pods-LispOSX.debug.xcconfig"; path = "Pods/Target Support Files/Pods-LispOSX/Pods-LispOSX.debug.xcconfig"; sourceTree = "<group>"; };
/* End PBXFileReference section */

/* Begin PBXFrameworksBuildPhase section */
		9157CC932103E6DB0001FC61 /* Frameworks */ = {
			isa = PBXFrameworksBuildPhase;
			buildActionMask = 2147483647;
			files = (
				ED25E4B00A5AF8F0568AFD2B /* Pods_LispOSX.framework in Frameworks */,
			);
			runOnlyForDeploymentPostprocessing = 0;
		};
/* End PBXFrameworksBuildPhase section */

/* Begin PBXGroup section */
		2802E3AFF194F89F04DC61CA /* Frameworks */ = {
			isa = PBXGroup;
			children = (
				69DA4F13D53D8CC5F19F9D92 /* Pods_LispOSX.framework */,
			);
			name = Frameworks;
			sourceTree = "<group>";
		};
		9157CC8D2103E6DB0001FC61 = {
			isa = PBXGroup;
			children = (
				9157CC982103E6DB0001FC61 /* LispOSX */,
				9157CC972103E6DB0001FC61 /* Products */,
				AF12907AB2815A510DADE73A /* Pods */,
				2802E3AFF194F89F04DC61CA /* Frameworks */,
			);
			sourceTree = "<group>";
		};
		9157CC972103E6DB0001FC61 /* Products */ = {
			isa = PBXGroup;
			children = (
				9157CC962103E6DB0001FC61 /* LispOSX.app */,
			);
			name = Products;
			sourceTree = "<group>";
		};
		9157CC982103E6DB0001FC61 /* LispOSX */ = {
			isa = PBXGroup;
			children = (
				9157CC992103E6DB0001FC61 /* AppDelegate.swift */,
				9157CC9B2103E6DB0001FC61 /* ViewController.swift */,
				9157CC9D2103E6DC0001FC61 /* Assets.xcassets */,
				9157CC9F2103E6DC0001FC61 /* Main.storyboard */,
				9157CCA22103E6DC0001FC61 /* Info.plist */,
				9157CCA32103E6DC0001FC61 /* LispOSX.entitlements */,
			);
			path = LispOSX;
			sourceTree = "<group>";
		};
		AF12907AB2815A510DADE73A /* Pods */ = {
			isa = PBXGroup;
			children = (
				E3F5F810DF19D1321DF4D90A /* Pods-LispOSX.debug.xcconfig */,
				1967D1347B21B776DE749684 /* Pods-LispOSX.release.xcconfig */,
			);
			name = Pods;
			sourceTree = "<group>";
		};
/* End PBXGroup section */

/* Begin PBXNativeTarget section */
		9157CC952103E6DB0001FC61 /* LispOSX */ = {
			isa = PBXNativeTarget;
			buildConfigurationList = 9157CCA62103E6DC0001FC61 /* Build configuration list for PBXNativeTarget "LispOSX" */;
			buildPhases = (
				531953BC51E7E2C7C1C572A9 /* [CP] Check Pods Manifest.lock */,
				9157CC922103E6DB0001FC61 /* Sources */,
				9157CC932103E6DB0001FC61 /* Frameworks */,
				9157CC942103E6DB0001FC61 /* Resources */,
				A82AF45AFAEBE04A0A380B3E /* [CP] Embed Pods Frameworks */,
			);
			buildRules = (
			);
			dependencies = (
			);
			name = LispOSX;
			productName = LispOSX;
			productReference = 9157CC962103E6DB0001FC61 /* LispOSX.app */;
			productType = "com.apple.product-type.application";
		};
/* End PBXNativeTarget section */

/* Begin PBXProject section */
		9157CC8E2103E6DB0001FC61 /* Project object */ = {
			isa = PBXProject;
			attributes = {
				LastSwiftUpdateCheck = 0940;
				LastUpgradeCheck = 0940;
				ORGANIZATIONNAME = "Sergii Puliaiev";
				TargetAttributes = {
					9157CC952103E6DB0001FC61 = {
						CreatedOnToolsVersion = 9.4.1;
					};
				};
			};
			buildConfigurationList = 9157CC912103E6DB0001FC61 /* Build configuration list for PBXProject "LispOSX" */;
			compatibilityVersion = "Xcode 9.3";
			developmentRegion = en;
			hasScannedForEncodings = 0;
			knownRegions = (
				en,
				Base,
			);
			mainGroup = 9157CC8D2103E6DB0001FC61;
			productRefGroup = 9157CC972103E6DB0001FC61 /* Products */;
			projectDirPath = "";
			projectRoot = "";
			targets = (
				9157CC952103E6DB0001FC61 /* LispOSX */,
			);
		};
/* End PBXProject section */

/* Begin PBXResourcesBuildPhase section */
		9157CC942103E6DB0001FC61 /* Resources */ = {
			isa = PBXResourcesBuildPhase;
			buildActionMask = 2147483647;
			files = (
				9157CC9E2103E6DC0001FC61 /* Assets.xcassets in Resources */,
				9157CCA12103E6DC0001FC61 /* Main.storyboard in Resources */,
			);
			runOnlyForDeploymentPostprocessing = 0;
		};
/* End PBXResourcesBuildPhase section */

/* Begin PBXShellScriptBuildPhase section */
		531953BC51E7E2C7C1C572A9 /* [CP] Check Pods Manifest.lock */ = {
			isa = PBXShellScriptBuildPhase;
			buildActionMask = 2147483647;
			files = (
			);
			inputPaths = (
				"${PODS_PODFILE_DIR_PATH}/Podfile.lock",
				"${PODS_ROOT}/Manifest.lock",
			);
			name = "[CP] Check Pods Manifest.lock";
			outputPaths = (
				"$(DERIVED_FILE_DIR)/Pods-LispOSX-checkManifestLockResult.txt",
			);
			runOnlyForDeploymentPostprocessing = 0;
			shellPath = /bin/sh;
			shellScript = "diff \"${PODS_PODFILE_DIR_PATH}/Podfile.lock\" \"${PODS_ROOT}/Manifest.lock\" > /dev/null\nif [ $? != 0 ] ; then\n    # print error to STDERR\n    echo \"error: The sandbox is not in sync with the Podfile.lock. Run 'pod install' or update your CocoaPods installation.\" >&2\n    exit 1\nfi\n# This output is used by Xcode 'outputs' to avoid re-running this script phase.\necho \"SUCCESS\" > \"${SCRIPT_OUTPUT_FILE_0}\"\n";
			showEnvVarsInLog = 0;
		};
		A82AF45AFAEBE04A0A380B3E /* [CP] Embed Pods Frameworks */ = {
			isa = PBXShellScriptBuildPhase;
			buildActionMask = 2147483647;
			files = (
			);
			inputFileListPaths = (
				"${PODS_ROOT}/Target Support Files/Pods-LispOSX/Pods-LispOSX-frameworks-${CONFIGURATION}-input-files.xcfilelist",
			);
			name = "[CP] Embed Pods Frameworks";
			outputFileListPaths = (
				"${PODS_ROOT}/Target Support Files/Pods-LispOSX/Pods-LispOSX-frameworks-${CONFIGURATION}-output-files.xcfilelist",
			);
			runOnlyForDeploymentPostprocessing = 0;
			shellPath = /bin/sh;
			shellScript = "\"${PODS_ROOT}/Target Support Files/Pods-LispOSX/Pods-LispOSX-frameworks.sh\"\n";
			showEnvVarsInLog = 0;
		};
/* End PBXShellScriptBuildPhase section */

/* Begin PBXSourcesBuildPhase section */
		9157CC922103E6DB0001FC61 /* Sources */ = {
			isa = PBXSourcesBuildPhase;
			buildActionMask = 2147483647;
			files = (
				9157CC9C2103E6DB0001FC61 /* ViewController.swift in Sources */,
				9157CC9A2103E6DB0001FC61 /* AppDelegate.swift in Sources */,
			);
			runOnlyForDeploymentPostprocessing = 0;
		};
/* End PBXSourcesBuildPhase section */

/* Begin PBXVariantGroup section */
		9157CC9F2103E6DC0001FC61 /* Main.storyboard */ = {
			isa = PBXVariantGroup;
			children = (
				9157CCA02103E6DC0001FC61 /* Base */,
			);
			name = Main.storyboard;
			sourceTree = "<group>";
		};
/* End PBXVariantGroup section */

/* Begin XCBuildConfiguration section */
		9157CCA42103E6DC0001FC61 /* Debug */ = {
			isa = XCBuildConfiguration;
			buildSettings = {
				ALWAYS_SEARCH_USER_PATHS = NO;
				CLANG_ANALYZER_NONNULL = YES;
				CLANG_ANALYZER_NUMBER_OBJECT_CONVERSION = YES_AGGRESSIVE;
				CLANG_CXX_LANGUAGE_STANDARD = "gnu++14";
				CLANG_CXX_LIBRARY = "libc++";
				CLANG_ENABLE_MODULES = YES;
				CLANG_ENABLE_OBJC_ARC = YES;
				CLANG_ENABLE_OBJC_WEAK = YES;
				CLANG_WARN_BLOCK_CAPTURE_AUTORELEASING = YES;
				CLANG_WARN_BOOL_CONVERSION = YES;
				CLANG_WARN_COMMA = YES;
				CLANG_WARN_CONSTANT_CONVERSION = YES;
				CLANG_WARN_DEPRECATED_OBJC_IMPLEMENTATIONS = YES;
				CLANG_WARN_DIRECT_OBJC_ISA_USAGE = YES_ERROR;
				CLANG_WARN_DOCUMENTATION_COMMENTS = YES;
				CLANG_WARN_EMPTY_BODY = YES;
				CLANG_WARN_ENUM_CONVERSION = YES;
				CLANG_WARN_INFINITE_RECURSION = YES;
				CLANG_WARN_INT_CONVERSION = YES;
				CLANG_WARN_NON_LITERAL_NULL_CONVERSION = YES;
				CLANG_WARN_OBJC_IMPLICIT_RETAIN_SELF = YES;
				CLANG_WARN_OBJC_LITERAL_CONVERSION = YES;
				CLANG_WARN_OBJC_ROOT_CLASS = YES_ERROR;
				CLANG_WARN_RANGE_LOOP_ANALYSIS = YES;
				CLANG_WARN_STRICT_PROTOTYPES = YES;
				CLANG_WARN_SUSPICIOUS_MOVE = YES;
				CLANG_WARN_UNGUARDED_AVAILABILITY = YES_AGGRESSIVE;
				CLANG_WARN_UNREACHABLE_CODE = YES;
				CLANG_WARN__DUPLICATE_METHOD_MATCH = YES;
				CODE_SIGN_IDENTITY = "-";
				COPY_PHASE_STRIP = NO;
				DEBUG_INFORMATION_FORMAT = dwarf;
				ENABLE_STRICT_OBJC_MSGSEND = YES;
				ENABLE_TESTABILITY = YES;
				GCC_C_LANGUAGE_STANDARD = gnu11;
				GCC_DYNAMIC_NO_PIC = NO;
				GCC_NO_COMMON_BLOCKS = YES;
				GCC_OPTIMIZATION_LEVEL = 0;
				GCC_PREPROCESSOR_DEFINITIONS = (
					"DEBUG=1",
					"$(inherited)",
				);
				GCC_WARN_64_TO_32_BIT_CONVERSION = YES;
				GCC_WARN_ABOUT_RETURN_TYPE = YES_ERROR;
				GCC_WARN_UNDECLARED_SELECTOR = YES;
				GCC_WARN_UNINITIALIZED_AUTOS = YES_AGGRESSIVE;
				GCC_WARN_UNUSED_FUNCTION = YES;
				GCC_WARN_UNUSED_VARIABLE = YES;
				MACOSX_DEPLOYMENT_TARGET = 10.13;
				MTL_ENABLE_DEBUG_INFO = YES;
				ONLY_ACTIVE_ARCH = YES;
				SDKROOT = macosx;
				SWIFT_ACTIVE_COMPILATION_CONDITIONS = DEBUG;
				SWIFT_OPTIMIZATION_LEVEL = "-Onone";
			};
			name = Debug;
		};
		9157CCA52103E6DC0001FC61 /* Release */ = {
			isa = XCBuildConfiguration;
			buildSettings = {
				ALWAYS_SEARCH_USER_PATHS = NO;
				CLANG_ANALYZER_NONNULL = YES;
				CLANG_ANALYZER_NUMBER_OBJECT_CONVERSION = YES_AGGRESSIVE;
				CLANG_CXX_LANGUAGE_STANDARD = "gnu++14";
				CLANG_CXX_LIBRARY = "libc++";
				CLANG_ENABLE_MODULES = YES;
				CLANG_ENABLE_OBJC_ARC = YES;
				CLANG_ENABLE_OBJC_WEAK = YES;
				CLANG_WARN_BLOCK_CAPTURE_AUTORELEASING = YES;
				CLANG_WARN_BOOL_CONVERSION = YES;
				CLANG_WARN_COMMA = YES;
				CLANG_WARN_CONSTANT_CONVERSION = YES;
				CLANG_WARN_DEPRECATED_OBJC_IMPLEMENTATIONS = YES;
				CLANG_WARN_DIRECT_OBJC_ISA_USAGE = YES_ERROR;
				CLANG_WARN_DOCUMENTATION_COMMENTS = YES;
				CLANG_WARN_EMPTY_BODY = YES;
				CLANG_WARN_ENUM_CONVERSION = YES;
				CLANG_WARN_INFINITE_RECURSION = YES;
				CLANG_WARN_INT_CONVERSION = YES;
				CLANG_WARN_NON_LITERAL_NULL_CONVERSION = YES;
				CLANG_WARN_OBJC_IMPLICIT_RETAIN_SELF = YES;
				CLANG_WARN_OBJC_LITERAL_CONVERSION = YES;
				CLANG_WARN_OBJC_ROOT_CLASS = YES_ERROR;
				CLANG_WARN_RANGE_LOOP_ANALYSIS = YES;
				CLANG_WARN_STRICT_PROTOTYPES = YES;
				CLANG_WARN_SUSPICIOUS_MOVE = YES;
				CLANG_WARN_UNGUARDED_AVAILABILITY = YES_AGGRESSIVE;
				CLANG_WARN_UNREACHABLE_CODE = YES;
				CLANG_WARN__DUPLICATE_METHOD_MATCH = YES;
				CODE_SIGN_IDENTITY = "-";
				COPY_PHASE_STRIP = NO;
				DEBUG_INFORMATION_FORMAT = "dwarf-with-dsym";
				ENABLE_NS_ASSERTIONS = NO;
				ENABLE_STRICT_OBJC_MSGSEND = YES;
				GCC_C_LANGUAGE_STANDARD = gnu11;
				GCC_NO_COMMON_BLOCKS = YES;
				GCC_WARN_64_TO_32_BIT_CONVERSION = YES;
				GCC_WARN_ABOUT_RETURN_TYPE = YES_ERROR;
				GCC_WARN_UNDECLARED_SELECTOR = YES;
				GCC_WARN_UNINITIALIZED_AUTOS = YES_AGGRESSIVE;
				GCC_WARN_UNUSED_FUNCTION = YES;
				GCC_WARN_UNUSED_VARIABLE = YES;
				MACOSX_DEPLOYMENT_TARGET = 10.13;
				MTL_ENABLE_DEBUG_INFO = NO;
				SDKROOT = macosx;
				SWIFT_COMPILATION_MODE = wholemodule;
				SWIFT_OPTIMIZATION_LEVEL = "-O";
			};
			name = Release;
		};
		9157CCA72103E6DC0001FC61 /* Debug */ = {
			isa = XCBuildConfiguration;
			baseConfigurationReference = E3F5F810DF19D1321DF4D90A /* Pods-LispOSX.debug.xcconfig */;
			buildSettings = {
				ASSETCATALOG_COMPILER_APPICON_NAME = AppIcon;
				CODE_SIGN_ENTITLEMENTS = LispOSX/LispOSX.entitlements;
				CODE_SIGN_STYLE = Automatic;
				COMBINE_HIDPI_IMAGES = YES;
				INFOPLIST_FILE = LispOSX/Info.plist;
				LD_RUNPATH_SEARCH_PATHS = (
					"$(inherited)",
					"@executable_path/../Frameworks",
				);
				PRODUCT_BUNDLE_IDENTIFIER = com.puliaiev.LispOSX;
				PRODUCT_NAME = "$(TARGET_NAME)";
				SWIFT_VERSION = 4.0;
			};
			name = Debug;
		};
		9157CCA82103E6DC0001FC61 /* Release */ = {
			isa = XCBuildConfiguration;
			baseConfigurationReference = 1967D1347B21B776DE749684 /* Pods-LispOSX.release.xcconfig */;
			buildSettings = {
				ASSETCATALOG_COMPILER_APPICON_NAME = AppIcon;
				CODE_SIGN_ENTITLEMENTS = LispOSX/LispOSX.entitlements;
				CODE_SIGN_STYLE = Automatic;
				COMBINE_HIDPI_IMAGES = YES;
				INFOPLIST_FILE = LispOSX/Info.plist;
				LD_RUNPATH_SEARCH_PATHS = (
					"$(inherited)",
					"@executable_path/../Frameworks",
				);
				PRODUCT_BUNDLE_IDENTIFIER = com.puliaiev.LispOSX;
				PRODUCT_NAME = "$(TARGET_NAME)";
				SWIFT_VERSION = 4.0;
			};
			name = Release;
		};
/* End XCBuildConfiguration section */

/* Begin XCConfigurationList section */
		9157CC912103E6DB0001FC61 /* Build configuration list for PBXProject "LispOSX" */ = {
			isa = XCConfigurationList;
			buildConfigurations = (
				9157CCA42103E6DC0001FC61 /* Debug */,
				9157CCA52103E6DC0001FC61 /* Release */,
			);
			defaultConfigurationIsVisible = 0;
			defaultConfigurationName = Release;
		};
		9157CCA62103E6DC0001FC61 /* Build configuration list for PBXNativeTarget "LispOSX" */ = {
			isa = XCConfigurationList;
			buildConfigurations = (
				9157CCA72103E6DC0001FC61 /* Debug */,
				9157CCA82103E6DC0001FC61 /* Release */,
			);
			defaultConfigurationIsVisible = 0;
			defaultConfigurationName = Release;
		};
/* End XCConfigurationList section */
	};
	rootObject = 9157CC8E2103E6DB0001FC61 /* Project object */;
}
