PODS:
  - LispCore (0.1.0)
  - LispCore/Tests (0.1.0)

DEPENDENCIES:
  - LispCore (from `../`)
  - LispCore/Tests (from `../`)

EXTERNAL SOURCES:
  LispCore:
    :path: "../"

SPEC CHECKSUMS:
  LispCore: b1b90790da4300a6d6f9f8bd59a0b37d8617c970

PODFILE CHECKSUM: 2bcddfb146ffa4f88f37f74b258545c19299fa41

COCOAPODS: 1.9.3
